
Microsoft Visual Studio Solution File, Format Version 12.00
# Visual Studio Version 17
VisualStudioVersion = 17.0.31903.59
MinimumVisualStudioVersion = 10.0.40219.1
Project("{FAE04EC0-301F-11D3-BF4B-00C04F79EFBC}") = "EasySave-v1.0", "..\EasySave-v1.0\EasySave-v1.0.csproj", "{DE0407EC-F51A-4CB3-9FA5-E39158C01869}"
EndProject
Project("{FAE04EC0-301F-11D3-BF4B-00C04F79EFBC}") = "EasySaveClassesPackage", "..\EasySaveClassesPackage\EasySaveClassesPackage.csproj", "{C9FD94DC-95A4-4B4B-967F-3A37B8B178DB}"
EndProject
Project("{FAE04EC0-301F-11D3-BF4B-00C04F79EFBC}") = "EasySaveUtilities", "..\EasySaveUtilities\EasySaveUtilities.csproj", "{4E39D215-9E54-4C9C-910D-7C1DAEE2C54C}"
EndProject
Global
	GlobalSection(SolutionConfigurationPlatforms) = preSolution
		Debug|Any CPU = Debug|Any CPU
		Release|Any CPU = Release|Any CPU
	EndGlobalSection
	GlobalSection(SolutionProperties) = preSolution
		HideSolutionNode = FALSE
	EndGlobalSection
	GlobalSection(ProjectConfigurationPlatforms) = postSolution
		{DE0407EC-F51A-4CB3-9FA5-E39158C01869}.Debug|Any CPU.ActiveCfg = Debug|Any CPU
		{DE0407EC-F51A-4CB3-9FA5-E39158C01869}.Debug|Any CPU.Build.0 = Debug|Any CPU
		{DE0407EC-F51A-4CB3-9FA5-E39158C01869}.Release|Any CPU.ActiveCfg = Release|Any CPU
		{DE0407EC-F51A-4CB3-9FA5-E39158C01869}.Release|Any CPU.Build.0 = Release|Any CPU
		{C9FD94DC-95A4-4B4B-967F-3A37B8B178DB}.Debug|Any CPU.ActiveCfg = Debug|Any CPU
		{C9FD94DC-95A4-4B4B-967F-3A37B8B178DB}.Debug|Any CPU.Build.0 = Debug|Any CPU
		{C9FD94DC-95A4-4B4B-967F-3A37B8B178DB}.Release|Any CPU.ActiveCfg = Release|Any CPU
		{C9FD94DC-95A4-4B4B-967F-3A37B8B178DB}.Release|Any CPU.Build.0 = Release|Any CPU
		{4E39D215-9E54-4C9C-910D-7C1DAEE2C54C}.Debug|Any CPU.ActiveCfg = Debug|Any CPU
		{4E39D215-9E54-4C9C-910D-7C1DAEE2C54C}.Debug|Any CPU.Build.0 = Debug|Any CPU
		{4E39D215-9E54-4C9C-910D-7C1DAEE2C54C}.Release|Any CPU.ActiveCfg = Release|Any CPU
		{4E39D215-9E54-4C9C-910D-7C1DAEE2C54C}.Release|Any CPU.Build.0 = Release|Any CPU
	EndGlobalSection
EndGlobal
